// !$*UTF8*$!
{
	archiveVersion = 1;
	classes = {
	};
	objectVersion = 56;
	objects = {

/* Begin PBXBuildFile section */
		F090BC1A2A7AFD5100B1E29F /* Kids+CoreDataClass.swift in Sources */ = {isa = PBXBuildFile; fileRef = F090BC162A7AFD5100B1E29F /* Kids+CoreDataClass.swift */; };
		F090BC1C2A7AFD5100B1E29F /* Person+CoreDataClass.swift in Sources */ = {isa = PBXBuildFile; fileRef = F090BC182A7AFD5100B1E29F /* Person+CoreDataClass.swift */; };
		F0D986362A77DEA7005AFA75 /* ChildrenViewCell.swift in Sources */ = {isa = PBXBuildFile; fileRef = F0D986342A77DEA7005AFA75 /* ChildrenViewCell.swift */; };
		F0D986372A77DEA7005AFA75 /* ChildrenViewCell.xib in Resources */ = {isa = PBXBuildFile; fileRef = F0D986352A77DEA7005AFA75 /* ChildrenViewCell.xib */; };
		F0D986392A77E69F005AFA75 /* ChildrenCellDelegateProtocol.swift in Sources */ = {isa = PBXBuildFile; fileRef = F0D986382A77E69F005AFA75 /* ChildrenCellDelegateProtocol.swift */; };
		F0D9863B2A781FE4005AFA75 /* ChildrenModel.swift in Sources */ = {isa = PBXBuildFile; fileRef = F0D9863A2A781FE4005AFA75 /* ChildrenModel.swift */; };
		F0DBFB902A727A1C00512CF9 /* AppDelegate.swift in Sources */ = {isa = PBXBuildFile; fileRef = F0DBFB8F2A727A1C00512CF9 /* AppDelegate.swift */; };
		F0DBFB922A727A1C00512CF9 /* SceneDelegate.swift in Sources */ = {isa = PBXBuildFile; fileRef = F0DBFB912A727A1C00512CF9 /* SceneDelegate.swift */; };
		F0DBFB942A727A1C00512CF9 /* PersonsListViewController.swift in Sources */ = {isa = PBXBuildFile; fileRef = F0DBFB932A727A1C00512CF9 /* PersonsListViewController.swift */; };
		F0DBFB972A727A1C00512CF9 /* Main.storyboard in Resources */ = {isa = PBXBuildFile; fileRef = F0DBFB952A727A1C00512CF9 /* Main.storyboard */; };
		F0DBFB9A2A727A1C00512CF9 /* alefTestProject.xcdatamodeld in Sources */ = {isa = PBXBuildFile; fileRef = F0DBFB982A727A1C00512CF9 /* alefTestProject.xcdatamodeld */; };
		F0DBFB9C2A727A1D00512CF9 /* Assets.xcassets in Resources */ = {isa = PBXBuildFile; fileRef = F0DBFB9B2A727A1D00512CF9 /* Assets.xcassets */; };
		F0DBFB9F2A727A1D00512CF9 /* LaunchScreen.storyboard in Resources */ = {isa = PBXBuildFile; fileRef = F0DBFB9D2A727A1D00512CF9 /* LaunchScreen.storyboard */; };
		F0DBFBAA2A727A1D00512CF9 /* alefTestProjectTests.swift in Sources */ = {isa = PBXBuildFile; fileRef = F0DBFBA92A727A1D00512CF9 /* alefTestProjectTests.swift */; };
		F0DBFBB42A727A1D00512CF9 /* alefTestProjectUITests.swift in Sources */ = {isa = PBXBuildFile; fileRef = F0DBFBB32A727A1D00512CF9 /* alefTestProjectUITests.swift */; };
		F0DBFBB62A727A1D00512CF9 /* alefTestProjectUITestsLaunchTests.swift in Sources */ = {isa = PBXBuildFile; fileRef = F0DBFBB52A727A1D00512CF9 /* alefTestProjectUITestsLaunchTests.swift */; };
		F0DBFBC32A72E29500512CF9 /* PersonViewController.swift in Sources */ = {isa = PBXBuildFile; fileRef = F0DBFBC22A72E29500512CF9 /* PersonViewController.swift */; };
/* End PBXBuildFile section */

/* Begin PBXContainerItemProxy section */
		F0DBFBA62A727A1D00512CF9 /* PBXContainerItemProxy */ = {
			isa = PBXContainerItemProxy;
			containerPortal = F0DBFB842A727A1C00512CF9 /* Project object */;
			proxyType = 1;
			remoteGlobalIDString = F0DBFB8B2A727A1C00512CF9;
			remoteInfo = alefTestProject;
		};
		F0DBFBB02A727A1D00512CF9 /* PBXContainerItemProxy */ = {
			isa = PBXContainerItemProxy;
			containerPortal = F0DBFB842A727A1C00512CF9 /* Project object */;
			proxyType = 1;
			remoteGlobalIDString = F0DBFB8B2A727A1C00512CF9;
			remoteInfo = alefTestProject;
		};
/* End PBXContainerItemProxy section */

/* Begin PBXFileReference section */
		F03E20E22A80695000DFFBA2 /* alefTestProject 2.xcdatamodel */ = {isa = PBXFileReference; lastKnownFileType = wrapper.xcdatamodel; path = "alefTestProject 2.xcdatamodel"; sourceTree = "<group>"; };
		F090BC162A7AFD5100B1E29F /* Kids+CoreDataClass.swift */ = {isa = PBXFileReference; lastKnownFileType = sourcecode.swift; path = "Kids+CoreDataClass.swift"; sourceTree = "<group>"; };
		F090BC182A7AFD5100B1E29F /* Person+CoreDataClass.swift */ = {isa = PBXFileReference; lastKnownFileType = sourcecode.swift; path = "Person+CoreDataClass.swift"; sourceTree = "<group>"; };
		F0D986342A77DEA7005AFA75 /* ChildrenViewCell.swift */ = {isa = PBXFileReference; lastKnownFileType = sourcecode.swift; path = ChildrenViewCell.swift; sourceTree = "<group>"; };
		F0D986352A77DEA7005AFA75 /* ChildrenViewCell.xib */ = {isa = PBXFileReference; lastKnownFileType = file.xib; path = ChildrenViewCell.xib; sourceTree = "<group>"; };
		F0D986382A77E69F005AFA75 /* ChildrenCellDelegateProtocol.swift */ = {isa = PBXFileReference; lastKnownFileType = sourcecode.swift; path = ChildrenCellDelegateProtocol.swift; sourceTree = "<group>"; };
		F0D9863A2A781FE4005AFA75 /* ChildrenModel.swift */ = {isa = PBXFileReference; lastKnownFileType = sourcecode.swift; path = ChildrenModel.swift; sourceTree = "<group>"; };
		F0DBFB8C2A727A1C00512CF9 /* alefTestProject.app */ = {isa = PBXFileReference; explicitFileType = wrapper.application; includeInIndex = 0; path = alefTestProject.app; sourceTree = BUILT_PRODUCTS_DIR; };
		F0DBFB8F2A727A1C00512CF9 /* AppDelegate.swift */ = {isa = PBXFileReference; lastKnownFileType = sourcecode.swift; path = AppDelegate.swift; sourceTree = "<group>"; };
		F0DBFB912A727A1C00512CF9 /* SceneDelegate.swift */ = {isa = PBXFileReference; lastKnownFileType = sourcecode.swift; path = SceneDelegate.swift; sourceTree = "<group>"; };
		F0DBFB932A727A1C00512CF9 /* PersonsListViewController.swift */ = {isa = PBXFileReference; lastKnownFileType = sourcecode.swift; path = PersonsListViewController.swift; sourceTree = "<group>"; };
		F0DBFB962A727A1C00512CF9 /* Base */ = {isa = PBXFileReference; lastKnownFileType = file.storyboard; name = Base; path = Base.lproj/Main.storyboard; sourceTree = "<group>"; };
		F0DBFB992A727A1C00512CF9 /* alefTestProject.xcdatamodel */ = {isa = PBXFileReference; lastKnownFileType = wrapper.xcdatamodel; path = alefTestProject.xcdatamodel; sourceTree = "<group>"; };
		F0DBFB9B2A727A1D00512CF9 /* Assets.xcassets */ = {isa = PBXFileReference; lastKnownFileType = folder.assetcatalog; path = Assets.xcassets; sourceTree = "<group>"; };
		F0DBFB9E2A727A1D00512CF9 /* Base */ = {isa = PBXFileReference; lastKnownFileType = file.storyboard; name = Base; path = Base.lproj/LaunchScreen.storyboard; sourceTree = "<group>"; };
		F0DBFBA02A727A1D00512CF9 /* Info.plist */ = {isa = PBXFileReference; lastKnownFileType = text.plist.xml; path = Info.plist; sourceTree = "<group>"; };
		F0DBFBA52A727A1D00512CF9 /* alefTestProjectTests.xctest */ = {isa = PBXFileReference; explicitFileType = wrapper.cfbundle; includeInIndex = 0; path = alefTestProjectTests.xctest; sourceTree = BUILT_PRODUCTS_DIR; };
		F0DBFBA92A727A1D00512CF9 /* alefTestProjectTests.swift */ = {isa = PBXFileReference; lastKnownFileType = sourcecode.swift; path = alefTestProjectTests.swift; sourceTree = "<group>"; };
		F0DBFBAF2A727A1D00512CF9 /* alefTestProjectUITests.xctest */ = {isa = PBXFileReference; explicitFileType = wrapper.cfbundle; includeInIndex = 0; path = alefTestProjectUITests.xctest; sourceTree = BUILT_PRODUCTS_DIR; };
		F0DBFBB32A727A1D00512CF9 /* alefTestProjectUITests.swift */ = {isa = PBXFileReference; lastKnownFileType = sourcecode.swift; path = alefTestProjectUITests.swift; sourceTree = "<group>"; };
		F0DBFBB52A727A1D00512CF9 /* alefTestProjectUITestsLaunchTests.swift */ = {isa = PBXFileReference; lastKnownFileType = sourcecode.swift; path = alefTestProjectUITestsLaunchTests.swift; sourceTree = "<group>"; };
		F0DBFBC22A72E29500512CF9 /* PersonViewController.swift */ = {isa = PBXFileReference; lastKnownFileType = sourcecode.swift; path = PersonViewController.swift; sourceTree = "<group>"; };
/* End PBXFileReference section */

/* Begin PBXFrameworksBuildPhase section */
		F0DBFB892A727A1C00512CF9 /* Frameworks */ = {
			isa = PBXFrameworksBuildPhase;
			buildActionMask = 2147483647;
			files = (
			);
			runOnlyForDeploymentPostprocessing = 0;
		};
		F0DBFBA22A727A1D00512CF9 /* Frameworks */ = {
			isa = PBXFrameworksBuildPhase;
			buildActionMask = 2147483647;
			files = (
			);
			runOnlyForDeploymentPostprocessing = 0;
		};
		F0DBFBAC2A727A1D00512CF9 /* Frameworks */ = {
			isa = PBXFrameworksBuildPhase;
			buildActionMask = 2147483647;
			files = (
			);
			runOnlyForDeploymentPostprocessing = 0;
		};
/* End PBXFrameworksBuildPhase section */

/* Begin PBXGroup section */
		F0DBFB832A727A1C00512CF9 = {
			isa = PBXGroup;
			children = (
				F0DBFB8E2A727A1C00512CF9 /* alefTestProject */,
				F0DBFBA82A727A1D00512CF9 /* alefTestProjectTests */,
				F0DBFBB22A727A1D00512CF9 /* alefTestProjectUITests */,
				F0DBFB8D2A727A1C00512CF9 /* Products */,
			);
			sourceTree = "<group>";
		};
		F0DBFB8D2A727A1C00512CF9 /* Products */ = {
			isa = PBXGroup;
			children = (
				F0DBFB8C2A727A1C00512CF9 /* alefTestProject.app */,
				F0DBFBA52A727A1D00512CF9 /* alefTestProjectTests.xctest */,
				F0DBFBAF2A727A1D00512CF9 /* alefTestProjectUITests.xctest */,
			);
			name = Products;
			sourceTree = "<group>";
		};
		F0DBFB8E2A727A1C00512CF9 /* alefTestProject */ = {
			isa = PBXGroup;
			children = (
				F090BC162A7AFD5100B1E29F /* Kids+CoreDataClass.swift */,
				F090BC182A7AFD5100B1E29F /* Person+CoreDataClass.swift */,
				F0D986382A77E69F005AFA75 /* ChildrenCellDelegateProtocol.swift */,
				F0DBFB8F2A727A1C00512CF9 /* AppDelegate.swift */,
				F0DBFB912A727A1C00512CF9 /* SceneDelegate.swift */,
				F0DBFB932A727A1C00512CF9 /* PersonsListViewController.swift */,
				F0DBFBC22A72E29500512CF9 /* PersonViewController.swift */,
				F0D9863A2A781FE4005AFA75 /* ChildrenModel.swift */,
				F0DBFB952A727A1C00512CF9 /* Main.storyboard */,
				F0D986342A77DEA7005AFA75 /* ChildrenViewCell.swift */,
				F0D986352A77DEA7005AFA75 /* ChildrenViewCell.xib */,
				F0DBFB9B2A727A1D00512CF9 /* Assets.xcassets */,
				F0DBFB9D2A727A1D00512CF9 /* LaunchScreen.storyboard */,
				F0DBFBA02A727A1D00512CF9 /* Info.plist */,
				F0DBFB982A727A1C00512CF9 /* alefTestProject.xcdatamodeld */,
			);
			path = alefTestProject;
			sourceTree = "<group>";
		};
		F0DBFBA82A727A1D00512CF9 /* alefTestProjectTests */ = {
			isa = PBXGroup;
			children = (
				F0DBFBA92A727A1D00512CF9 /* alefTestProjectTests.swift */,
			);
			path = alefTestProjectTests;
			sourceTree = "<group>";
		};
		F0DBFBB22A727A1D00512CF9 /* alefTestProjectUITests */ = {
			isa = PBXGroup;
			children = (
				F0DBFBB32A727A1D00512CF9 /* alefTestProjectUITests.swift */,
				F0DBFBB52A727A1D00512CF9 /* alefTestProjectUITestsLaunchTests.swift */,
			);
			path = alefTestProjectUITests;
			sourceTree = "<group>";
		};
/* End PBXGroup section */

/* Begin PBXNativeTarget section */
		F0DBFB8B2A727A1C00512CF9 /* alefTestProject */ = {
			isa = PBXNativeTarget;
			buildConfigurationList = F0DBFBB92A727A1D00512CF9 /* Build configuration list for PBXNativeTarget "alefTestProject" */;
			buildPhases = (
				F0DBFB882A727A1C00512CF9 /* Sources */,
				F0DBFB892A727A1C00512CF9 /* Frameworks */,
				F0DBFB8A2A727A1C00512CF9 /* Resources */,
			);
			buildRules = (
			);
			dependencies = (
			);
			name = alefTestProject;
			productName = alefTestProject;
			productReference = F0DBFB8C2A727A1C00512CF9 /* alefTestProject.app */;
			productType = "com.apple.product-type.application";
		};
		F0DBFBA42A727A1D00512CF9 /* alefTestProjectTests */ = {
			isa = PBXNativeTarget;
			buildConfigurationList = F0DBFBBC2A727A1D00512CF9 /* Build configuration list for PBXNativeTarget "alefTestProjectTests" */;
			buildPhases = (
				F0DBFBA12A727A1D00512CF9 /* Sources */,
				F0DBFBA22A727A1D00512CF9 /* Frameworks */,
				F0DBFBA32A727A1D00512CF9 /* Resources */,
			);
			buildRules = (
			);
			dependencies = (
				F0DBFBA72A727A1D00512CF9 /* PBXTargetDependency */,
			);
			name = alefTestProjectTests;
			productName = alefTestProjectTests;
			productReference = F0DBFBA52A727A1D00512CF9 /* alefTestProjectTests.xctest */;
			productType = "com.apple.product-type.bundle.unit-test";
		};
		F0DBFBAE2A727A1D00512CF9 /* alefTestProjectUITests */ = {
			isa = PBXNativeTarget;
			buildConfigurationList = F0DBFBBF2A727A1D00512CF9 /* Build configuration list for PBXNativeTarget "alefTestProjectUITests" */;
			buildPhases = (
				F0DBFBAB2A727A1D00512CF9 /* Sources */,
				F0DBFBAC2A727A1D00512CF9 /* Frameworks */,
				F0DBFBAD2A727A1D00512CF9 /* Resources */,
			);
			buildRules = (
			);
			dependencies = (
				F0DBFBB12A727A1D00512CF9 /* PBXTargetDependency */,
			);
			name = alefTestProjectUITests;
			productName = alefTestProjectUITests;
			productReference = F0DBFBAF2A727A1D00512CF9 /* alefTestProjectUITests.xctest */;
			productType = "com.apple.product-type.bundle.ui-testing";
		};
/* End PBXNativeTarget section */

/* Begin PBXProject section */
		F0DBFB842A727A1C00512CF9 /* Project object */ = {
			isa = PBXProject;
			attributes = {
				BuildIndependentTargetsInParallel = 1;
				LastSwiftUpdateCheck = 1430;
				LastUpgradeCheck = 1430;
				TargetAttributes = {
					F0DBFB8B2A727A1C00512CF9 = {
						CreatedOnToolsVersion = 14.3.1;
					};
					F0DBFBA42A727A1D00512CF9 = {
						CreatedOnToolsVersion = 14.3.1;
						TestTargetID = F0DBFB8B2A727A1C00512CF9;
					};
					F0DBFBAE2A727A1D00512CF9 = {
						CreatedOnToolsVersion = 14.3.1;
						TestTargetID = F0DBFB8B2A727A1C00512CF9;
					};
				};
			};
			buildConfigurationList = F0DBFB872A727A1C00512CF9 /* Build configuration list for PBXProject "alefTestProject" */;
			compatibilityVersion = "Xcode 14.0";
			developmentRegion = en;
			hasScannedForEncodings = 0;
			knownRegions = (
				en,
				Base,
			);
			mainGroup = F0DBFB832A727A1C00512CF9;
			productRefGroup = F0DBFB8D2A727A1C00512CF9 /* Products */;
			projectDirPath = "";
			projectRoot = "";
			targets = (
				F0DBFB8B2A727A1C00512CF9 /* alefTestProject */,
				F0DBFBA42A727A1D00512CF9 /* alefTestProjectTests */,
				F0DBFBAE2A727A1D00512CF9 /* alefTestProjectUITests */,
			);
		};
/* End PBXProject section */

/* Begin PBXResourcesBuildPhase section */
		F0DBFB8A2A727A1C00512CF9 /* Resources */ = {
			isa = PBXResourcesBuildPhase;
			buildActionMask = 2147483647;
			files = (
				F0DBFB9F2A727A1D00512CF9 /* LaunchScreen.storyboard in Resources */,
				F0D986372A77DEA7005AFA75 /* ChildrenViewCell.xib in Resources */,
				F0DBFB9C2A727A1D00512CF9 /* Assets.xcassets in Resources */,
				F0DBFB972A727A1C00512CF9 /* Main.storyboard in Resources */,
			);
			runOnlyForDeploymentPostprocessing = 0;
		};
		F0DBFBA32A727A1D00512CF9 /* Resources */ = {
			isa = PBXResourcesBuildPhase;
			buildActionMask = 2147483647;
			files = (
			);
			runOnlyForDeploymentPostprocessing = 0;
		};
		F0DBFBAD2A727A1D00512CF9 /* Resources */ = {
			isa = PBXResourcesBuildPhase;
			buildActionMask = 2147483647;
			files = (
			);
			runOnlyForDeploymentPostprocessing = 0;
		};
/* End PBXResourcesBuildPhase section */

/* Begin PBXSourcesBuildPhase section */
		F0DBFB882A727A1C00512CF9 /* Sources */ = {
			isa = PBXSourcesBuildPhase;
			buildActionMask = 2147483647;
			files = (
				F0D9863B2A781FE4005AFA75 /* ChildrenModel.swift in Sources */,
				F090BC1C2A7AFD5100B1E29F /* Person+CoreDataClass.swift in Sources */,
				F090BC1A2A7AFD5100B1E29F /* Kids+CoreDataClass.swift in Sources */,
				F0DBFBC32A72E29500512CF9 /* PersonViewController.swift in Sources */,
				F0DBFB942A727A1C00512CF9 /* PersonsListViewController.swift in Sources */,
				F0DBFB902A727A1C00512CF9 /* AppDelegate.swift in Sources */,
				F0D986362A77DEA7005AFA75 /* ChildrenViewCell.swift in Sources */,
				F0DBFB922A727A1C00512CF9 /* SceneDelegate.swift in Sources */,
				F0DBFB9A2A727A1C00512CF9 /* alefTestProject.xcdatamodeld in Sources */,
				F0D986392A77E69F005AFA75 /* ChildrenCellDelegateProtocol.swift in Sources */,
			);
			runOnlyForDeploymentPostprocessing = 0;
		};
		F0DBFBA12A727A1D00512CF9 /* Sources */ = {
			isa = PBXSourcesBuildPhase;
			buildActionMask = 2147483647;
			files = (
				F0DBFBAA2A727A1D00512CF9 /* alefTestProjectTests.swift in Sources */,
			);
			runOnlyForDeploymentPostprocessing = 0;
		};
		F0DBFBAB2A727A1D00512CF9 /* Sources */ = {
			isa = PBXSourcesBuildPhase;
			buildActionMask = 2147483647;
			files = (
				F0DBFBB62A727A1D00512CF9 /* alefTestProjectUITestsLaunchTests.swift in Sources */,
				F0DBFBB42A727A1D00512CF9 /* alefTestProjectUITests.swift in Sources */,
			);
			runOnlyForDeploymentPostprocessing = 0;
		};
/* End PBXSourcesBuildPhase section */

/* Begin PBXTargetDependency section */
		F0DBFBA72A727A1D00512CF9 /* PBXTargetDependency */ = {
			isa = PBXTargetDependency;
			target = F0DBFB8B2A727A1C00512CF9 /* alefTestProject */;
			targetProxy = F0DBFBA62A727A1D00512CF9 /* PBXContainerItemProxy */;
		};
		F0DBFBB12A727A1D00512CF9 /* PBXTargetDependency */ = {
			isa = PBXTargetDependency;
			target = F0DBFB8B2A727A1C00512CF9 /* alefTestProject */;
			targetProxy = F0DBFBB02A727A1D00512CF9 /* PBXContainerItemProxy */;
		};
/* End PBXTargetDependency section */

/* Begin PBXVariantGroup section */
		F0DBFB952A727A1C00512CF9 /* Main.storyboard */ = {
			isa = PBXVariantGroup;
			children = (
				F0DBFB962A727A1C00512CF9 /* Base */,
			);
			name = Main.storyboard;
			sourceTree = "<group>";
		};
		F0DBFB9D2A727A1D00512CF9 /* LaunchScreen.storyboard */ = {
			isa = PBXVariantGroup;
			children = (
				F0DBFB9E2A727A1D00512CF9 /* Base */,
			);
			name = LaunchScreen.storyboard;
			sourceTree = "<group>";
		};
/* End PBXVariantGroup section */

/* Begin XCBuildConfiguration section */
		F0DBFBB72A727A1D00512CF9 /* Debug */ = {
			isa = XCBuildConfiguration;
			buildSettings = {
				ALWAYS_SEARCH_USER_PATHS = NO;
				CLANG_ANALYZER_NONNULL = YES;
				CLANG_ANALYZER_NUMBER_OBJECT_CONVERSION = YES_AGGRESSIVE;
				CLANG_CXX_LANGUAGE_STANDARD = "gnu++20";
				CLANG_ENABLE_MODULES = YES;
				CLANG_ENABLE_OBJC_ARC = YES;
				CLANG_ENABLE_OBJC_WEAK = YES;
				CLANG_WARN_BLOCK_CAPTURE_AUTORELEASING = YES;
				CLANG_WARN_BOOL_CONVERSION = YES;
				CLANG_WARN_COMMA = YES;
				CLANG_WARN_CONSTANT_CONVERSION = YES;
				CLANG_WARN_DEPRECATED_OBJC_IMPLEMENTATIONS = YES;
				CLANG_WARN_DIRECT_OBJC_ISA_USAGE = YES_ERROR;
				CLANG_WARN_DOCUMENTATION_COMMENTS = YES;
				CLANG_WARN_EMPTY_BODY = YES;
				CLANG_WARN_ENUM_CONVERSION = YES;
				CLANG_WARN_INFINITE_RECURSION = YES;
				CLANG_WARN_INT_CONVERSION = YES;
				CLANG_WARN_NON_LITERAL_NULL_CONVERSION = YES;
				CLANG_WARN_OBJC_IMPLICIT_RETAIN_SELF = YES;
				CLANG_WARN_OBJC_LITERAL_CONVERSION = YES;
				CLANG_WARN_OBJC_ROOT_CLASS = YES_ERROR;
				CLANG_WARN_QUOTED_INCLUDE_IN_FRAMEWORK_HEADER = YES;
				CLANG_WARN_RANGE_LOOP_ANALYSIS = YES;
				CLANG_WARN_STRICT_PROTOTYPES = YES;
				CLANG_WARN_SUSPICIOUS_MOVE = YES;
				CLANG_WARN_UNGUARDED_AVAILABILITY = YES_AGGRESSIVE;
				CLANG_WARN_UNREACHABLE_CODE = YES;
				CLANG_WARN__DUPLICATE_METHOD_MATCH = YES;
				COPY_PHASE_STRIP = NO;
				DEBUG_INFORMATION_FORMAT = dwarf;
				ENABLE_STRICT_OBJC_MSGSEND = YES;
				ENABLE_TESTABILITY = YES;
				GCC_C_LANGUAGE_STANDARD = gnu11;
				GCC_DYNAMIC_NO_PIC = NO;
				GCC_NO_COMMON_BLOCKS = YES;
				GCC_OPTIMIZATION_LEVEL = 0;
				GCC_PREPROCESSOR_DEFINITIONS = (
					"DEBUG=1",
					"$(inherited)",
				);
				GCC_WARN_64_TO_32_BIT_CONVERSION = YES;
				GCC_WARN_ABOUT_RETURN_TYPE = YES_ERROR;
				GCC_WARN_UNDECLARED_SELECTOR = YES;
				GCC_WARN_UNINITIALIZED_AUTOS = YES_AGGRESSIVE;
				GCC_WARN_UNUSED_FUNCTION = YES;
				GCC_WARN_UNUSED_VARIABLE = YES;
				IPHONEOS_DEPLOYMENT_TARGET = 16.4;
				MTL_ENABLE_DEBUG_INFO = INCLUDE_SOURCE;
				MTL_FAST_MATH = YES;
				ONLY_ACTIVE_ARCH = YES;
				SDKROOT = iphoneos;
				SWIFT_ACTIVE_COMPILATION_CONDITIONS = DEBUG;
				SWIFT_OPTIMIZATION_LEVEL = "-Onone";
			};
			name = Debug;
		};
		F0DBFBB82A727A1D00512CF9 /* Release */ = {
			isa = XCBuildConfiguration;
			buildSettings = {
				ALWAYS_SEARCH_USER_PATHS = NO;
				CLANG_ANALYZER_NONNULL = YES;
				CLANG_ANALYZER_NUMBER_OBJECT_CONVERSION = YES_AGGRESSIVE;
				CLANG_CXX_LANGUAGE_STANDARD = "gnu++20";
				CLANG_ENABLE_MODULES = YES;
				CLANG_ENABLE_OBJC_ARC = YES;
				CLANG_ENABLE_OBJC_WEAK = YES;
				CLANG_WARN_BLOCK_CAPTURE_AUTORELEASING = YES;
				CLANG_WARN_BOOL_CONVERSION = YES;
				CLANG_WARN_COMMA = YES;
				CLANG_WARN_CONSTANT_CONVERSION = YES;
				CLANG_WARN_DEPRECATED_OBJC_IMPLEMENTATIONS = YES;
				CLANG_WARN_DIRECT_OBJC_ISA_USAGE = YES_ERROR;
				CLANG_WARN_DOCUMENTATION_COMMENTS = YES;
				CLANG_WARN_EMPTY_BODY = YES;
				CLANG_WARN_ENUM_CONVERSION = YES;
				CLANG_WARN_INFINITE_RECURSION = YES;
				CLANG_WARN_INT_CONVERSION = YES;
				CLANG_WARN_NON_LITERAL_NULL_CONVERSION = YES;
				CLANG_WARN_OBJC_IMPLICIT_RETAIN_SELF = YES;
				CLANG_WARN_OBJC_LITERAL_CONVERSION = YES;
				CLANG_WARN_OBJC_ROOT_CLASS = YES_ERROR;
				CLANG_WARN_QUOTED_INCLUDE_IN_FRAMEWORK_HEADER = YES;
				CLANG_WARN_RANGE_LOOP_ANALYSIS = YES;
				CLANG_WARN_STRICT_PROTOTYPES = YES;
				CLANG_WARN_SUSPICIOUS_MOVE = YES;
				CLANG_WARN_UNGUARDED_AVAILABILITY = YES_AGGRESSIVE;
				CLANG_WARN_UNREACHABLE_CODE = YES;
				CLANG_WARN__DUPLICATE_METHOD_MATCH = YES;
				COPY_PHASE_STRIP = NO;
				DEBUG_INFORMATION_FORMAT = "dwarf-with-dsym";
				ENABLE_NS_ASSERTIONS = NO;
				ENABLE_STRICT_OBJC_MSGSEND = YES;
				GCC_C_LANGUAGE_STANDARD = gnu11;
				GCC_NO_COMMON_BLOCKS = YES;
				GCC_WARN_64_TO_32_BIT_CONVERSION = YES;
				GCC_WARN_ABOUT_RETURN_TYPE = YES_ERROR;
				GCC_WARN_UNDECLARED_SELECTOR = YES;
				GCC_WARN_UNINITIALIZED_AUTOS = YES_AGGRESSIVE;
				GCC_WARN_UNUSED_FUNCTION = YES;
				GCC_WARN_UNUSED_VARIABLE = YES;
				IPHONEOS_DEPLOYMENT_TARGET = 16.4;
				MTL_ENABLE_DEBUG_INFO = NO;
				MTL_FAST_MATH = YES;
				SDKROOT = iphoneos;
				SWIFT_COMPILATION_MODE = wholemodule;
				SWIFT_OPTIMIZATION_LEVEL = "-O";
				VALIDATE_PRODUCT = YES;
			};
			name = Release;
		};
		F0DBFBBA2A727A1D00512CF9 /* Debug */ = {
			isa = XCBuildConfiguration;
			buildSettings = {
				ASSETCATALOG_COMPILER_APPICON_NAME = AppIcon;
				ASSETCATALOG_COMPILER_GLOBAL_ACCENT_COLOR_NAME = AccentColor;
				CODE_SIGN_STYLE = Automatic;
				CURRENT_PROJECT_VERSION = 1;
				DEVELOPMENT_TEAM = VU3BWF346L;
				GENERATE_INFOPLIST_FILE = YES;
				INFOPLIST_FILE = alefTestProject/Info.plist;
				INFOPLIST_KEY_UIApplicationSupportsIndirectInputEvents = YES;
				INFOPLIST_KEY_UILaunchStoryboardName = LaunchScreen;
				INFOPLIST_KEY_UIMainStoryboardFile = Main;
				INFOPLIST_KEY_UISupportedInterfaceOrientations_iPad = "UIInterfaceOrientationPortrait UIInterfaceOrientationPortraitUpsideDown UIInterfaceOrientationLandscapeLeft UIInterfaceOrientationLandscapeRight";
				INFOPLIST_KEY_UISupportedInterfaceOrientations_iPhone = "UIInterfaceOrientationPortrait UIInterfaceOrientationLandscapeLeft UIInterfaceOrientationLandscapeRight";
				LD_RUNPATH_SEARCH_PATHS = (
					"$(inherited)",
					"@executable_path/Frameworks",
				);
				MARKETING_VERSION = 1.0;
				PRODUCT_BUNDLE_IDENTIFIER = com.ismagulov.alefTestProject;
				PRODUCT_NAME = "$(TARGET_NAME)";
				SWIFT_EMIT_LOC_STRINGS = YES;
				SWIFT_VERSION = 5.0;
				TARGETED_DEVICE_FAMILY = "1,2";
			};
			name = Debug;
		};
		F0DBFBBB2A727A1D00512CF9 /* Release */ = {
			isa = XCBuildConfiguration;
			buildSettings = {
				ASSETCATALOG_COMPILER_APPICON_NAME = AppIcon;
				ASSETCATALOG_COMPILER_GLOBAL_ACCENT_COLOR_NAME = AccentColor;
				CODE_SIGN_STYLE = Automatic;
				CURRENT_PROJECT_VERSION = 1;
				DEVELOPMENT_TEAM = VU3BWF346L;
				GENERATE_INFOPLIST_FILE = YES;
				INFOPLIST_FILE = alefTestProject/Info.plist;
				INFOPLIST_KEY_UIApplicationSupportsIndirectInputEvents = YES;
				INFOPLIST_KEY_UILaunchStoryboardName = LaunchScreen;
				INFOPLIST_KEY_UIMainStoryboardFile = Main;
				INFOPLIST_KEY_UISupportedInterfaceOrientations_iPad = "UIInterfaceOrientationPortrait UIInterfaceOrientationPortraitUpsideDown UIInterfaceOrientationLandscapeLeft UIInterfaceOrientationLandscapeRight";
				INFOPLIST_KEY_UISupportedInterfaceOrientations_iPhone = "UIInterfaceOrientationPortrait UIInterfaceOrientationLandscapeLeft UIInterfaceOrientationLandscapeRight";
				LD_RUNPATH_SEARCH_PATHS = (
					"$(inherited)",
					"@executable_path/Frameworks",
				);
				MARKETING_VERSION = 1.0;
				PRODUCT_BUNDLE_IDENTIFIER = com.ismagulov.alefTestProject;
				PRODUCT_NAME = "$(TARGET_NAME)";
				SWIFT_EMIT_LOC_STRINGS = YES;
				SWIFT_VERSION = 5.0;
				TARGETED_DEVICE_FAMILY = "1,2";
			};
			name = Release;
		};
		F0DBFBBD2A727A1D00512CF9 /* Debug */ = {
			isa = XCBuildConfiguration;
			buildSettings = {
				ALWAYS_EMBED_SWIFT_STANDARD_LIBRARIES = YES;
				BUNDLE_LOADER = "$(TEST_HOST)";
				CODE_SIGN_STYLE = Automatic;
				CURRENT_PROJECT_VERSION = 1;
				DEVELOPMENT_TEAM = VU3BWF346L;
				GENERATE_INFOPLIST_FILE = YES;
				IPHONEOS_DEPLOYMENT_TARGET = 16.4;
				MARKETING_VERSION = 1.0;
				PRODUCT_BUNDLE_IDENTIFIER = com.ismagulov.alefTestProjectTests;
				PRODUCT_NAME = "$(TARGET_NAME)";
				SWIFT_EMIT_LOC_STRINGS = NO;
				SWIFT_VERSION = 5.0;
				TARGETED_DEVICE_FAMILY = "1,2";
				TEST_HOST = "$(BUILT_PRODUCTS_DIR)/alefTestProject.app/$(BUNDLE_EXECUTABLE_FOLDER_PATH)/alefTestProject";
			};
			name = Debug;
		};
		F0DBFBBE2A727A1D00512CF9 /* Release */ = {
			isa = XCBuildConfiguration;
			buildSettings = {
				ALWAYS_EMBED_SWIFT_STANDARD_LIBRARIES = YES;
				BUNDLE_LOADER = "$(TEST_HOST)";
				CODE_SIGN_STYLE = Automatic;
				CURRENT_PROJECT_VERSION = 1;
				DEVELOPMENT_TEAM = VU3BWF346L;
				GENERATE_INFOPLIST_FILE = YES;
				IPHONEOS_DEPLOYMENT_TARGET = 16.4;
				MARKETING_VERSION = 1.0;
				PRODUCT_BUNDLE_IDENTIFIER = com.ismagulov.alefTestProjectTests;
				PRODUCT_NAME = "$(TARGET_NAME)";
				SWIFT_EMIT_LOC_STRINGS = NO;
				SWIFT_VERSION = 5.0;
				TARGETED_DEVICE_FAMILY = "1,2";
				TEST_HOST = "$(BUILT_PRODUCTS_DIR)/alefTestProject.app/$(BUNDLE_EXECUTABLE_FOLDER_PATH)/alefTestProject";
			};
			name = Release;
		};
		F0DBFBC02A727A1D00512CF9 /* Debug */ = {
			isa = XCBuildConfiguration;
			buildSettings = {
				ALWAYS_EMBED_SWIFT_STANDARD_LIBRARIES = YES;
				CODE_SIGN_STYLE = Automatic;
				CURRENT_PROJECT_VERSION = 1;
				DEVELOPMENT_TEAM = VU3BWF346L;
				GENERATE_INFOPLIST_FILE = YES;
				MARKETING_VERSION = 1.0;
				PRODUCT_BUNDLE_IDENTIFIER = com.ismagulov.alefTestProjectUITests;
				PRODUCT_NAME = "$(TARGET_NAME)";
				SWIFT_EMIT_LOC_STRINGS = NO;
				SWIFT_VERSION = 5.0;
				TARGETED_DEVICE_FAMILY = "1,2";
				TEST_TARGET_NAME = alefTestProject;
			};
			name = Debug;
		};
		F0DBFBC12A727A1D00512CF9 /* Release */ = {
			isa = XCBuildConfiguration;
			buildSettings = {
				ALWAYS_EMBED_SWIFT_STANDARD_LIBRARIES = YES;
				CODE_SIGN_STYLE = Automatic;
				CURRENT_PROJECT_VERSION = 1;
				DEVELOPMENT_TEAM = VU3BWF346L;
				GENERATE_INFOPLIST_FILE = YES;
				MARKETING_VERSION = 1.0;
				PRODUCT_BUNDLE_IDENTIFIER = com.ismagulov.alefTestProjectUITests;
				PRODUCT_NAME = "$(TARGET_NAME)";
				SWIFT_EMIT_LOC_STRINGS = NO;
				SWIFT_VERSION = 5.0;
				TARGETED_DEVICE_FAMILY = "1,2";
				TEST_TARGET_NAME = alefTestProject;
			};
			name = Release;
		};
/* End XCBuildConfiguration section */

/* Begin XCConfigurationList section */
		F0DBFB872A727A1C00512CF9 /* Build configuration list for PBXProject "alefTestProject" */ = {
			isa = XCConfigurationList;
			buildConfigurations = (
				F0DBFBB72A727A1D00512CF9 /* Debug */,
				F0DBFBB82A727A1D00512CF9 /* Release */,
			);
			defaultConfigurationIsVisible = 0;
			defaultConfigurationName = Release;
		};
		F0DBFBB92A727A1D00512CF9 /* Build configuration list for PBXNativeTarget "alefTestProject" */ = {
			isa = XCConfigurationList;
			buildConfigurations = (
				F0DBFBBA2A727A1D00512CF9 /* Debug */,
				F0DBFBBB2A727A1D00512CF9 /* Release */,
			);
			defaultConfigurationIsVisible = 0;
			defaultConfigurationName = Release;
		};
		F0DBFBBC2A727A1D00512CF9 /* Build configuration list for PBXNativeTarget "alefTestProjectTests" */ = {
			isa = XCConfigurationList;
			buildConfigurations = (
				F0DBFBBD2A727A1D00512CF9 /* Debug */,
				F0DBFBBE2A727A1D00512CF9 /* Release */,
			);
			defaultConfigurationIsVisible = 0;
			defaultConfigurationName = Release;
		};
		F0DBFBBF2A727A1D00512CF9 /* Build configuration list for PBXNativeTarget "alefTestProjectUITests" */ = {
			isa = XCConfigurationList;
			buildConfigurations = (
				F0DBFBC02A727A1D00512CF9 /* Debug */,
				F0DBFBC12A727A1D00512CF9 /* Release */,
			);
			defaultConfigurationIsVisible = 0;
			defaultConfigurationName = Release;
		};
/* End XCConfigurationList section */

/* Begin XCVersionGroup section */
		F0DBFB982A727A1C00512CF9 /* alefTestProject.xcdatamodeld */ = {
			isa = XCVersionGroup;
			children = (
				F03E20E22A80695000DFFBA2 /* alefTestProject 2.xcdatamodel */,
				F0DBFB992A727A1C00512CF9 /* alefTestProject.xcdatamodel */,
			);
			currentVersion = F03E20E22A80695000DFFBA2 /* alefTestProject 2.xcdatamodel */;
			path = alefTestProject.xcdatamodeld;
			sourceTree = "<group>";
			versionGroupType = wrapper.xcdatamodel;
		};
/* End XCVersionGroup section */
	};
	rootObject = F0DBFB842A727A1C00512CF9 /* Project object */;
}
